{
  "name": "Capstone-Project-Kelompok-10",
  "lockfileVersion": 3,
  "requires": true,
  "packages": {
    "": {
      "dependencies": {
        "embla-carousel-autoplay": "^8.6.0",
        "embla-carousel-react": "^8.6.0",
        "lucide-react": "^0.507.0",
        "react-loading-skeleton": "^3.5.0",
        "react-spinners": "^0.17.0"
      }
    },
    "node_modules/embla-carousel": {
      "version": "8.6.0",
      "resolved": "https://registry.npmjs.org/embla-carousel/-/embla-carousel-8.6.0.tgz",
      "integrity": "sha512-SjWyZBHJPbqxHOzckOfo8lHisEaJWmwd23XppYFYVh10bU66/Pn5tkVkbkCMZVdbUE5eTCI2nD8OyIP4Z+uwkA==",
      "license": "MIT"
    },
    "node_modules/embla-carousel-autoplay": {
      "version": "8.6.0",
      "resolved": "https://registry.npmjs.org/embla-carousel-autoplay/-/embla-carousel-autoplay-8.6.0.tgz",
      "integrity": "sha512-OBu5G3nwaSXkZCo1A6LTaFMZ8EpkYbwIaH+bPqdBnDGQ2fh4+NbzjXjs2SktoPNKCtflfVMc75njaDHOYXcrsA==",
      "license": "MIT",
      "peerDependencies": {
        "embla-carousel": "8.6.0"
      }
    },
    "node_modules/embla-carousel-react": {
      "version": "8.6.0",
      "resolved": "https://registry.npmjs.org/embla-carousel-react/-/embla-carousel-react-8.6.0.tgz",
      "integrity": "sha512-0/PjqU7geVmo6F734pmPqpyHqiM99olvyecY7zdweCw+6tKEXnrE90pBiBbMMU8s5tICemzpQ3hi5EpxzGW+JA==",
      "license": "MIT",
      "dependencies": {
        "embla-carousel": "8.6.0",
        "embla-carousel-reactive-utils": "8.6.0"
      },
      "peerDependencies": {
        "react": "^16.8.0 || ^17.0.1 || ^18.0.0 || ^19.0.0 || ^19.0.0-rc"
      }
    },
    "node_modules/embla-carousel-reactive-utils": {
      "version": "8.6.0",
      "resolved": "https://registry.npmjs.org/embla-carousel-reactive-utils/-/embla-carousel-reactive-utils-8.6.0.tgz",
      "integrity": "sha512-fMVUDUEx0/uIEDM0Mz3dHznDhfX+znCCDCeIophYb1QGVM7YThSWX+wz11zlYwWFOr74b4QLGg0hrGPJeG2s4A==",
      "license": "MIT",
      "peerDependencies": {
        "embla-carousel": "8.6.0"
      }
    },
    "node_modules/lucide-react": {
      "version": "0.507.0",
      "resolved": "https://registry.npmjs.org/lucide-react/-/lucide-react-0.507.0.tgz",
      "integrity": "sha512-XfgE6gvAHwAtnbUvWiTTHx4S3VGR+cUJHEc0vrh9Ogu672I1Tue2+Cp/8JJqpytgcBHAB1FVI297W4XGNwc2dQ==",
      "license": "ISC",
      "peerDependencies": {
        "react": "^16.5.1 || ^17.0.0 || ^18.0.0 || ^19.0.0"
      }
    },
    "node_modules/react": {
      "version": "19.1.0",
      "resolved": "https://registry.npmjs.org/react/-/react-19.1.0.tgz",
      "integrity": "sha512-FS+XFBNvn3GTAWq26joslQgWNoFu08F4kl0J4CgdNKADkdSGXQyTCnKteIAJy96Br6YbpEU1LSzV5dYtjMkMDg==",
      "license": "MIT",
      "peer": true,
      "engines": {
        "node": ">=0.10.0"
      }
    },
    "node_modules/react-dom": {
      "version": "19.1.0",
      "resolved": "https://registry.npmjs.org/react-dom/-/react-dom-19.1.0.tgz",
      "integrity": "sha512-Xs1hdnE+DyKgeHJeJznQmYMIBG3TKIHJJT95Q58nHLSrElKlGQqDTR2HQ9fx5CN/Gk6Vh/kupBTDLU11/nDk/g==",
      "license": "MIT",
      "peer": true,
      "dependencies": {
        "scheduler": "^0.26.0"
      },
      "peerDependencies": {
        "react": "^19.1.0"
      }
    },
    "node_modules/react-loading-skeleton": {
      "version": "3.5.0",
      "resolved": "https://registry.npmjs.org/react-loading-skeleton/-/react-loading-skeleton-3.5.0.tgz",
      "integrity": "sha512-gxxSyLbrEAdXTKgfbpBEFZCO/P153DnqSCQau2+o6lNy1jgMRr2MmRmOzMmyrwSaSYLRB8g7b0waYPmUjz7IhQ==",
      "license": "MIT",
      "peerDependencies": {
        "react": ">=16.8.0"
      }
    },
    "node_modules/react-spinners": {
      "version": "0.17.0",
      "resolved": "https://registry.npmjs.org/react-spinners/-/react-spinners-0.17.0.tgz",
      "integrity": "sha512-L/8HTylaBmIWwQzIjMq+0vyaRXuoAevzWoD35wKpNTxxtYXWZp+xtgkfD7Y4WItuX0YvdxMPU79+7VhhmbmuTQ==",
      "license": "MIT",
      "peerDependencies": {
        "react": "^16.0.0 || ^17.0.0 || ^18.0.0 || ^19.0.0",
        "react-dom": "^16.0.0 || ^17.0.0 || ^18.0.0 || ^19.0.0"
      }
    },
    "node_modules/scheduler": {
      "version": "0.26.0",
      "resolved": "https://registry.npmjs.org/scheduler/-/scheduler-0.26.0.tgz",
      "integrity": "sha512-NlHwttCI/l5gCPR3D1nNXtWABUmBwvZpEQiD4IXSbIDq8BzLIK/7Ir5gTFSGZDUu37K5cMNp0hFtzO38sC7gWA==",
      "license": "MIT",
      "peer": true
    }
  }
}
